
Microsoft Visual Studio Solution File, Format Version 12.00
# Visual Studio 2013
VisualStudioVersion = 12.0.40629.0
MinimumVisualStudioVersion = 10.0.40219.1
Project("{FAE04EC0-301F-11D3-BF4B-00C04F79EFBC}") = "VATRP.App", "VATRP.App\VATRP.App.csproj", "{CF503001-3771-48E8-A425-73A11F38EDBC}"
EndProject
Project("{FAE04EC0-301F-11D3-BF4B-00C04F79EFBC}") = "VATRP.Core", "VATRP.Core\VATRP.Core.csproj", "{A4B764EF-2558-4DA9-9A43-0FFAA0E93D0B}"
EndProject
Project("{FAE04EC0-301F-11D3-BF4B-00C04F79EFBC}") = "VATRP.LinphoneWrapper", "VATRP.LinphoneWrapper\VATRP.LinphoneWrapper.csproj", "{29E0CC8F-232A-4CB6-89C1-C3F6C7453B36}"
EndProject
Project("{FAE04EC0-301F-11D3-BF4B-00C04F79EFBC}") = "ManagedVideoContainer", "ManagedVideoContainer\ManagedVideoContainer.csproj", "{E543535A-5EDA-4035-A26A-71B3892A5BF5}"
EndProject
Project("{FAE04EC0-301F-11D3-BF4B-00C04F79EFBC}") = "VATRP.CustomActions", "VATRP.CustomActions\VATRP.CustomActions.csproj", "{10F23EB7-5E3F-4593-B6D6-D917C53BF45B}"
EndProject
Global
	GlobalSection(SolutionConfigurationPlatforms) = preSolution
		Debug|Any CPU = Debug|Any CPU
		Developer|Any CPU = Developer|Any CPU
		Release|Any CPU = Release|Any CPU
	EndGlobalSection
	GlobalSection(ProjectConfigurationPlatforms) = postSolution
		{CF503001-3771-48E8-A425-73A11F38EDBC}.Debug|Any CPU.ActiveCfg = Debug|Any CPU
		{CF503001-3771-48E8-A425-73A11F38EDBC}.Debug|Any CPU.Build.0 = Debug|Any CPU
		{CF503001-3771-48E8-A425-73A11F38EDBC}.Developer|Any CPU.ActiveCfg = Developer|Any CPU
		{CF503001-3771-48E8-A425-73A11F38EDBC}.Developer|Any CPU.Build.0 = Developer|Any CPU
		{CF503001-3771-48E8-A425-73A11F38EDBC}.Release|Any CPU.ActiveCfg = Release|Any CPU
		{CF503001-3771-48E8-A425-73A11F38EDBC}.Release|Any CPU.Build.0 = Release|Any CPU
		{A4B764EF-2558-4DA9-9A43-0FFAA0E93D0B}.Debug|Any CPU.ActiveCfg = Debug|Any CPU
		{A4B764EF-2558-4DA9-9A43-0FFAA0E93D0B}.Debug|Any CPU.Build.0 = Debug|Any CPU
		{A4B764EF-2558-4DA9-9A43-0FFAA0E93D0B}.Developer|Any CPU.ActiveCfg = Developer|Any CPU
		{A4B764EF-2558-4DA9-9A43-0FFAA0E93D0B}.Developer|Any CPU.Build.0 = Developer|Any CPU
		{A4B764EF-2558-4DA9-9A43-0FFAA0E93D0B}.Release|Any CPU.ActiveCfg = Release|Any CPU
		{A4B764EF-2558-4DA9-9A43-0FFAA0E93D0B}.Release|Any CPU.Build.0 = Release|Any CPU
		{29E0CC8F-232A-4CB6-89C1-C3F6C7453B36}.Debug|Any CPU.ActiveCfg = Debug|Any CPU
		{29E0CC8F-232A-4CB6-89C1-C3F6C7453B36}.Debug|Any CPU.Build.0 = Debug|Any CPU
		{29E0CC8F-232A-4CB6-89C1-C3F6C7453B36}.Developer|Any CPU.ActiveCfg = Developer|Any CPU
		{29E0CC8F-232A-4CB6-89C1-C3F6C7453B36}.Developer|Any CPU.Build.0 = Developer|Any CPU
		{29E0CC8F-232A-4CB6-89C1-C3F6C7453B36}.Release|Any CPU.ActiveCfg = Release|Any CPU
		{29E0CC8F-232A-4CB6-89C1-C3F6C7453B36}.Release|Any CPU.Build.0 = Release|Any CPU
		{E543535A-5EDA-4035-A26A-71B3892A5BF5}.Debug|Any CPU.ActiveCfg = Debug|Any CPU
		{E543535A-5EDA-4035-A26A-71B3892A5BF5}.Debug|Any CPU.Build.0 = Debug|Any CPU
		{E543535A-5EDA-4035-A26A-71B3892A5BF5}.Developer|Any CPU.ActiveCfg = Debug|Any CPU
		{E543535A-5EDA-4035-A26A-71B3892A5BF5}.Developer|Any CPU.Build.0 = Debug|Any CPU
		{E543535A-5EDA-4035-A26A-71B3892A5BF5}.Release|Any CPU.ActiveCfg = Release|Any CPU
		{E543535A-5EDA-4035-A26A-71B3892A5BF5}.Release|Any CPU.Build.0 = Release|Any CPU
		{10F23EB7-5E3F-4593-B6D6-D917C53BF45B}.Debug|Any CPU.ActiveCfg = Debug|Any CPU
		{10F23EB7-5E3F-4593-B6D6-D917C53BF45B}.Debug|Any CPU.Build.0 = Debug|Any CPU
		{10F23EB7-5E3F-4593-B6D6-D917C53BF45B}.Developer|Any CPU.ActiveCfg = Developer|Any CPU
		{10F23EB7-5E3F-4593-B6D6-D917C53BF45B}.Developer|Any CPU.Build.0 = Developer|Any CPU
		{10F23EB7-5E3F-4593-B6D6-D917C53BF45B}.Release|Any CPU.ActiveCfg = Release|Any CPU
		{10F23EB7-5E3F-4593-B6D6-D917C53BF45B}.Release|Any CPU.Build.0 = Release|Any CPU
	EndGlobalSection
	GlobalSection(SolutionProperties) = preSolution
		HideSolutionNode = FALSE
	EndGlobalSection
EndGlobal
